
Microsoft Visual Studio Solution File, Format Version 12.00
# Visual Studio Version 16
VisualStudioVersion = 16.0.32510.428
MinimumVisualStudioVersion = 10.0.40219.1
Project("{FAE04EC0-301F-11D3-BF4B-00C04F79EFBC}") = "PuntodeVenta", "PuntodeVenta\PuntodeVenta.csproj", "{877419E7-A9A9-4176-9021-CFFD3B7BB97C}"
EndProject
Global
	GlobalSection(SolutionConfigurationPlatforms) = preSolution
		Debug|Any CPU = Debug|Any CPU
		Release|Any CPU = Release|Any CPU
	EndGlobalSection
	GlobalSection(ProjectConfigurationPlatforms) = postSolution
		{877419E7-A9A9-4176-9021-CFFD3B7BB97C}.Debug|Any CPU.ActiveCfg = Debug|Any CPU
		{877419E7-A9A9-4176-9021-CFFD3B7BB97C}.Debug|Any CPU.Build.0 = Debug|Any CPU
		{877419E7-A9A9-4176-9021-CFFD3B7BB97C}.Release|Any CPU.ActiveCfg = Release|Any CPU
		{877419E7-A9A9-4176-9021-CFFD3B7BB97C}.Release|Any CPU.Build.0 = Release|Any CPU
	EndGlobalSection
	GlobalSection(SolutionProperties) = preSolution
		HideSolutionNode = FALSE
	EndGlobalSection
	GlobalSection(ExtensibilityGlobals) = postSolution
		SolutionGuid = {49F866B4-F70A-4962-9817-D24F0622B284}
	EndGlobalSection
EndGlobal
